
Microsoft Visual Studio Solution File, Format Version 12.00
# Visual Studio Version 16
VisualStudioVersion = 16.0.28922.388
MinimumVisualStudioVersion = 10.0.40219.1
Project("{FAE04EC0-301F-11D3-BF4B-00C04F79EFBC}") = "Calculatror", "Calculatror\Calculatror.csproj", "{7A070531-3CC8-415E-A41B-DE05A2CC334B}"
EndProject
Global
	GlobalSection(SolutionConfigurationPlatforms) = preSolution
		Debug|Any CPU = Debug|Any CPU
		Release|Any CPU = Release|Any CPU
	EndGlobalSection
	GlobalSection(ProjectConfigurationPlatforms) = postSolution
		{7A070531-3CC8-415E-A41B-DE05A2CC334B}.Debug|Any CPU.ActiveCfg = Debug|Any CPU
		{7A070531-3CC8-415E-A41B-DE05A2CC334B}.Debug|Any CPU.Build.0 = Debug|Any CPU
		{7A070531-3CC8-415E-A41B-DE05A2CC334B}.Release|Any CPU.ActiveCfg = Release|Any CPU
		{7A070531-3CC8-415E-A41B-DE05A2CC334B}.Release|Any CPU.Build.0 = Release|Any CPU
	EndGlobalSection
	GlobalSection(SolutionProperties) = preSolution
		HideSolutionNode = FALSE
	EndGlobalSection
	GlobalSection(ExtensibilityGlobals) = postSolution
		SolutionGuid = {4C8F2746-DFD3-497E-B547-191556648042}
	EndGlobalSection
EndGlobal
